
Microsoft Visual Studio Solution File, Format Version 12.00
# Visual Studio Version 16
VisualStudioVersion = 16.0.34407.143
MinimumVisualStudioVersion = 10.0.40219.1
Project("{9A19103F-16F7-4668-BE54-9A1E7A4F7556}") = "programacao do zero", "programacao do zero\programacao do zero.csproj", "{6E210552-F64F-46E7-840C-4BC4143A35F3}"
EndProject
Project("{2150E333-8FDC-42A3-9474-1A3956D46DE8}") = "DbScripts", "DbScripts", "{E847BDBE-EBDB-4C53-95FB-45C6750BDBE5}"
	ProjectSection(SolutionItems) = preProject
		Criaçao.sql = Criaçao.sql
	EndProjectSection
EndProject
Global
	GlobalSection(SolutionConfigurationPlatforms) = preSolution
		Debug|Any CPU = Debug|Any CPU
		Release|Any CPU = Release|Any CPU
	EndGlobalSection
	GlobalSection(ProjectConfigurationPlatforms) = postSolution
		{6E210552-F64F-46E7-840C-4BC4143A35F3}.Debug|Any CPU.ActiveCfg = Debug|Any CPU
		{6E210552-F64F-46E7-840C-4BC4143A35F3}.Debug|Any CPU.Build.0 = Debug|Any CPU
		{6E210552-F64F-46E7-840C-4BC4143A35F3}.Release|Any CPU.ActiveCfg = Release|Any CPU
		{6E210552-F64F-46E7-840C-4BC4143A35F3}.Release|Any CPU.Build.0 = Release|Any CPU
	EndGlobalSection
	GlobalSection(SolutionProperties) = preSolution
		HideSolutionNode = FALSE
	EndGlobalSection
	GlobalSection(ExtensibilityGlobals) = postSolution
		SolutionGuid = {A22C03A8-2989-48AC-B3D3-25527BD67DAE}
	EndGlobalSection
EndGlobal
